
Microsoft Visual Studio Solution File, Format Version 12.00
# Visual Studio Version 16
VisualStudioVersion = 16.0.29519.181
MinimumVisualStudioVersion = 10.0.40219.1
Project("{FAE04EC0-301F-11D3-BF4B-00C04F79EFBC}") = "Projekat", "Projekat\Projekat.csproj", "{FCEFB8C9-8D81-4D2F-ADD5-E07C06A143F6}"
EndProject
Global
	GlobalSection(SolutionConfigurationPlatforms) = preSolution
		Debug|Any CPU = Debug|Any CPU
		Release|Any CPU = Release|Any CPU
	EndGlobalSection
	GlobalSection(ProjectConfigurationPlatforms) = postSolution
		{FCEFB8C9-8D81-4D2F-ADD5-E07C06A143F6}.Debug|Any CPU.ActiveCfg = Debug|Any CPU
		{FCEFB8C9-8D81-4D2F-ADD5-E07C06A143F6}.Debug|Any CPU.Build.0 = Debug|Any CPU
		{FCEFB8C9-8D81-4D2F-ADD5-E07C06A143F6}.Release|Any CPU.ActiveCfg = Release|Any CPU
		{FCEFB8C9-8D81-4D2F-ADD5-E07C06A143F6}.Release|Any CPU.Build.0 = Release|Any CPU
	EndGlobalSection
	GlobalSection(SolutionProperties) = preSolution
		HideSolutionNode = FALSE
	EndGlobalSection
	GlobalSection(ExtensibilityGlobals) = postSolution
		SolutionGuid = {48C2456B-38D1-422E-8008-C18065881192}
	EndGlobalSection
EndGlobal
